
Microsoft Visual Studio Solution File, Format Version 12.00
# Visual Studio Version 17
VisualStudioVersion = 17.7.34031.279
MinimumVisualStudioVersion = 10.0.40219.1
Project("{FAE04EC0-301F-11D3-BF4B-00C04F79EFBC}") = "bsch2-timetable", "bsch2-timetable\bsch2-timetable.csproj", "{9C660D52-A864-47B9-8882-74BF3DCE5D4E}"
EndProject
Global
	GlobalSection(SolutionConfigurationPlatforms) = preSolution
		Debug|Any CPU = Debug|Any CPU
		Release|Any CPU = Release|Any CPU
	EndGlobalSection
	GlobalSection(ProjectConfigurationPlatforms) = postSolution
		{9C660D52-A864-47B9-8882-74BF3DCE5D4E}.Debug|Any CPU.ActiveCfg = Debug|Any CPU
		{9C660D52-A864-47B9-8882-74BF3DCE5D4E}.Debug|Any CPU.Build.0 = Debug|Any CPU
		{9C660D52-A864-47B9-8882-74BF3DCE5D4E}.Release|Any CPU.ActiveCfg = Release|Any CPU
		{9C660D52-A864-47B9-8882-74BF3DCE5D4E}.Release|Any CPU.Build.0 = Release|Any CPU
	EndGlobalSection
	GlobalSection(SolutionProperties) = preSolution
		HideSolutionNode = FALSE
	EndGlobalSection
	GlobalSection(ExtensibilityGlobals) = postSolution
		SolutionGuid = {4087F1B6-26DE-46FE-AD93-0F6609AA2E34}
	EndGlobalSection
EndGlobal
